
Microsoft Visual Studio Solution File, Format Version 12.00
# Visual Studio Version 16
VisualStudioVersion = 16.0.31112.23
MinimumVisualStudioVersion = 10.0.40219.1
Project("{FAE04EC0-301F-11D3-BF4B-00C04F79EFBC}") = "Server", "Server\Server.csproj", "{4B35FFD5-355E-407B-97A6-0B0494DD3480}"
	ProjectSection(ProjectDependencies) = postProject
		{CA886D9C-83D1-4DA9-89FE-B70854489CF3} = {CA886D9C-83D1-4DA9-89FE-B70854489CF3}
	EndProjectSection
EndProject
Project("{FAE04EC0-301F-11D3-BF4B-00C04F79EFBC}") = "Client", "Client\Client.csproj", "{E3797B3B-F672-4D75-824F-F1BBE38B5ADA}"
EndProject
Project("{FAE04EC0-301F-11D3-BF4B-00C04F79EFBC}") = "Common", "Common\Common.csproj", "{CA886D9C-83D1-4DA9-89FE-B70854489CF3}"
EndProject
Global
	GlobalSection(SolutionConfigurationPlatforms) = preSolution
		Debug|Any CPU = Debug|Any CPU
		Release|Any CPU = Release|Any CPU
	EndGlobalSection
	GlobalSection(ProjectConfigurationPlatforms) = postSolution
		{4B35FFD5-355E-407B-97A6-0B0494DD3480}.Debug|Any CPU.ActiveCfg = Debug|Any CPU
		{4B35FFD5-355E-407B-97A6-0B0494DD3480}.Debug|Any CPU.Build.0 = Debug|Any CPU
		{4B35FFD5-355E-407B-97A6-0B0494DD3480}.Release|Any CPU.ActiveCfg = Release|Any CPU
		{4B35FFD5-355E-407B-97A6-0B0494DD3480}.Release|Any CPU.Build.0 = Release|Any CPU
		{E3797B3B-F672-4D75-824F-F1BBE38B5ADA}.Debug|Any CPU.ActiveCfg = Debug|Any CPU
		{E3797B3B-F672-4D75-824F-F1BBE38B5ADA}.Debug|Any CPU.Build.0 = Debug|Any CPU
		{E3797B3B-F672-4D75-824F-F1BBE38B5ADA}.Release|Any CPU.ActiveCfg = Release|Any CPU
		{E3797B3B-F672-4D75-824F-F1BBE38B5ADA}.Release|Any CPU.Build.0 = Release|Any CPU
		{CA886D9C-83D1-4DA9-89FE-B70854489CF3}.Debug|Any CPU.ActiveCfg = Debug|Any CPU
		{CA886D9C-83D1-4DA9-89FE-B70854489CF3}.Debug|Any CPU.Build.0 = Debug|Any CPU
		{CA886D9C-83D1-4DA9-89FE-B70854489CF3}.Release|Any CPU.ActiveCfg = Release|Any CPU
		{CA886D9C-83D1-4DA9-89FE-B70854489CF3}.Release|Any CPU.Build.0 = Release|Any CPU
	EndGlobalSection
	GlobalSection(SolutionProperties) = preSolution
		HideSolutionNode = FALSE
	EndGlobalSection
	GlobalSection(ExtensibilityGlobals) = postSolution
		SolutionGuid = {AFC9A23B-D634-4803-8622-7EB41C5A8A5A}
	EndGlobalSection
EndGlobal
